{
  "name": "@stages/authoring",
  "version": "1.0.0-alpha.0",
  "lockfileVersion": 3,
  "requires": true,
  "packages": {
    "": {
      "name": "@stages/authoring",
      "version": "1.0.0-alpha.0",
      "license": "MIT",
      "dependencies": {
        "@stages/core": "1.0.0-alpha.0"
      },
      "devDependencies": {
        "@stages/core": "file:../core"
      }
    },
    "../core": {
      "name": "@stages/core",
      "version": "1.0.0-alpha.0",
      "dev": true,
      "license": "MIT"
    },
    "node_modules/@stages/core": {
      "resolved": "../core",
      "link": true
    }
  }
}
